
Microsoft Visual Studio Solution File, Format Version 12.00
# Visual Studio Version 16
VisualStudioVersion = 16.0.29418.71
MinimumVisualStudioVersion = 10.0.40219.1
Project("{9A19103F-16F7-4668-BE54-9A1E7A4F7556}") = "OdeToFood", "OdeToFood.csproj", "{27F7DBEE-60FE-4263-A72F-398F98E370F2}"
EndProject
Project("{FAE04EC0-301F-11D3-BF4B-00C04F79EFBC}") = "OdeToFood.Core", "OdeToFood.Core\OdeToFood.Core.csproj", "{D8AFAC93-6F82-4B79-B09E-AE1AD98B24FC}"
EndProject
Global
	GlobalSection(SolutionConfigurationPlatforms) = preSolution
		Debug|Any CPU = Debug|Any CPU
		Release|Any CPU = Release|Any CPU
	EndGlobalSection
	GlobalSection(ProjectConfigurationPlatforms) = postSolution
		{27F7DBEE-60FE-4263-A72F-398F98E370F2}.Debug|Any CPU.ActiveCfg = Debug|Any CPU
		{27F7DBEE-60FE-4263-A72F-398F98E370F2}.Debug|Any CPU.Build.0 = Debug|Any CPU
		{27F7DBEE-60FE-4263-A72F-398F98E370F2}.Release|Any CPU.ActiveCfg = Release|Any CPU
		{27F7DBEE-60FE-4263-A72F-398F98E370F2}.Release|Any CPU.Build.0 = Release|Any CPU
		{D8AFAC93-6F82-4B79-B09E-AE1AD98B24FC}.Debug|Any CPU.ActiveCfg = Debug|Any CPU
		{D8AFAC93-6F82-4B79-B09E-AE1AD98B24FC}.Debug|Any CPU.Build.0 = Debug|Any CPU
		{D8AFAC93-6F82-4B79-B09E-AE1AD98B24FC}.Release|Any CPU.ActiveCfg = Release|Any CPU
		{D8AFAC93-6F82-4B79-B09E-AE1AD98B24FC}.Release|Any CPU.Build.0 = Release|Any CPU
	EndGlobalSection
	GlobalSection(SolutionProperties) = preSolution
		HideSolutionNode = FALSE
	EndGlobalSection
	GlobalSection(ExtensibilityGlobals) = postSolution
		SolutionGuid = {E845206B-41EA-405D-ACF4-431EBD0490E5}
	EndGlobalSection
EndGlobal
